// !$*UTF8*$!
{
	archiveVersion = 1;
	classes = {
	};
	objectVersion = 48;
	objects = {

/* Begin PBXBuildFile section */
		2613E77B1FABE27E00667F6C /* AppDelegate.swift in Sources */ = {isa = PBXBuildFile; fileRef = 2613E77A1FABE27E00667F6C /* AppDelegate.swift */; };
		2613E77D1FABE27E00667F6C /* ViewController.swift in Sources */ = {isa = PBXBuildFile; fileRef = 2613E77C1FABE27E00667F6C /* ViewController.swift */; };
		2613E7801FABE27E00667F6C /* Main.storyboard in Resources */ = {isa = PBXBuildFile; fileRef = 2613E77E1FABE27E00667F6C /* Main.storyboard */; };
		2613E7821FABE27E00667F6C /* Assets.xcassets in Resources */ = {isa = PBXBuildFile; fileRef = 2613E7811FABE27E00667F6C /* Assets.xcassets */; };
		2613E7851FABE27E00667F6C /* LaunchScreen.storyboard in Resources */ = {isa = PBXBuildFile; fileRef = 2613E7831FABE27E00667F6C /* LaunchScreen.storyboard */; };
		2613E7901FABE27E00667F6C /* SelfiegramTests.swift in Sources */ = {isa = PBXBuildFile; fileRef = 2613E78F1FABE27E00667F6C /* SelfiegramTests.swift */; };
		2613E79B1FABE27E00667F6C /* SelfiegramUITests.swift in Sources */ = {isa = PBXBuildFile; fileRef = 2613E79A1FABE27E00667F6C /* SelfiegramUITests.swift */; };
		2634614B1FB28D9800FE2CCE /* ProfileViewController.swift in Sources */ = {isa = PBXBuildFile; fileRef = 2634614A1FB28D9800FE2CCE /* ProfileViewController.swift */; };
		2636F7651FD0E18700DB1403 /* Activity.swift in Sources */ = {isa = PBXBuildFile; fileRef = 2636F7641FD0E18700DB1403 /* Activity.swift */; };
		267430601FBBC622009E30F1 /* FeedTableViewController.swift in Sources */ = {isa = PBXBuildFile; fileRef = 2674305F1FBBC622009E30F1 /* FeedTableViewController.swift */; };
		2676356C1FD777390074A9C9 /* ActivityViewControllerTableViewController.swift in Sources */ = {isa = PBXBuildFile; fileRef = 2676356B1FD777390074A9C9 /* ActivityViewControllerTableViewController.swift */; };
		2676356E1FD777650074A9C9 /* ActivityCellTableViewCell.swift in Sources */ = {isa = PBXBuildFile; fileRef = 2676356D1FD777650074A9C9 /* ActivityCellTableViewCell.swift */; };
		26A053CD1FBA98E600CE6596 /* User.swift in Sources */ = {isa = PBXBuildFile; fileRef = 26A053CC1FBA98E600CE6596 /* User.swift */; };
		26A053CF1FBA9D0100CE6596 /* Post.swift in Sources */ = {isa = PBXBuildFile; fileRef = 26A053CE1FBA9D0100CE6596 /* Post.swift */; };
		26BE6F901FBE6EE700AAB6A8 /* SelfieTableViewCell.swift in Sources */ = {isa = PBXBuildFile; fileRef = 26BE6F8F1FBE6EE700AAB6A8 /* SelfieTableViewCell.swift */; };
		34A02308970048BE8198D8F5 /* Pods_SelfiegramTests.framework in Frameworks */ = {isa = PBXBuildFile; fileRef = 88D0719AD842DE64B5FA22D6 /* Pods_SelfiegramTests.framework */; };
		985AA1772634734BC0BD6EA7 /* Pods_SelfiegramUITests.framework in Frameworks */ = {isa = PBXBuildFile; fileRef = 1BDC0F645EC55AAFF6CA6391 /* Pods_SelfiegramUITests.framework */; };
		C74632E857F2156E17C333C5 /* Pods_Selfiegram.framework in Frameworks */ = {isa = PBXBuildFile; fileRef = 2E8FD351681B71B899C66C6C /* Pods_Selfiegram.framework */; };
/* End PBXBuildFile section */

/* Begin PBXContainerItemProxy section */
		2613E78C1FABE27E00667F6C /* PBXContainerItemProxy */ = {
			isa = PBXContainerItemProxy;
			containerPortal = 2613E76F1FABE27E00667F6C /* Project object */;
			proxyType = 1;
			remoteGlobalIDString = 2613E7761FABE27E00667F6C;
			remoteInfo = Selfiegram;
		};
		2613E7971FABE27E00667F6C /* PBXContainerItemProxy */ = {
			isa = PBXContainerItemProxy;
			containerPortal = 2613E76F1FABE27E00667F6C /* Project object */;
			proxyType = 1;
			remoteGlobalIDString = 2613E7761FABE27E00667F6C;
			remoteInfo = Selfiegram;
		};
/* End PBXContainerItemProxy section */

/* Begin PBXFileReference section */
		103F389B88DA6E8513D622B6 /* Pods-SelfiegramUITests.debug.xcconfig */ = {isa = PBXFileReference; includeInIndex = 1; lastKnownFileType = text.xcconfig; name = "Pods-SelfiegramUITests.debug.xcconfig"; path = "Pods/Target Support Files/Pods-SelfiegramUITests/Pods-SelfiegramUITests.debug.xcconfig"; sourceTree = "<group>"; };
		170CAA70F96FDA609CBCB3C4 /* Pods-Selfiegram.debug.xcconfig */ = {isa = PBXFileReference; includeInIndex = 1; lastKnownFileType = text.xcconfig; name = "Pods-Selfiegram.debug.xcconfig"; path = "Pods/Target Support Files/Pods-Selfiegram/Pods-Selfiegram.debug.xcconfig"; sourceTree = "<group>"; };
		1BDC0F645EC55AAFF6CA6391 /* Pods_SelfiegramUITests.framework */ = {isa = PBXFileReference; explicitFileType = wrapper.framework; includeInIndex = 0; path = Pods_SelfiegramUITests.framework; sourceTree = BUILT_PRODUCTS_DIR; };
		2613E7771FABE27E00667F6C /* Selfiegram.app */ = {isa = PBXFileReference; explicitFileType = wrapper.application; includeInIndex = 0; path = Selfiegram.app; sourceTree = BUILT_PRODUCTS_DIR; };
		2613E77A1FABE27E00667F6C /* AppDelegate.swift */ = {isa = PBXFileReference; lastKnownFileType = sourcecode.swift; path = AppDelegate.swift; sourceTree = "<group>"; };
		2613E77C1FABE27E00667F6C /* ViewController.swift */ = {isa = PBXFileReference; lastKnownFileType = sourcecode.swift; path = ViewController.swift; sourceTree = "<group>"; };
		2613E77F1FABE27E00667F6C /* Base */ = {isa = PBXFileReference; lastKnownFileType = file.storyboard; name = Base; path = Base.lproj/Main.storyboard; sourceTree = "<group>"; };
		2613E7811FABE27E00667F6C /* Assets.xcassets */ = {isa = PBXFileReference; lastKnownFileType = folder.assetcatalog; path = Assets.xcassets; sourceTree = "<group>"; };
		2613E7841FABE27E00667F6C /* Base */ = {isa = PBXFileReference; lastKnownFileType = file.storyboard; name = Base; path = Base.lproj/LaunchScreen.storyboard; sourceTree = "<group>"; };
		2613E7861FABE27E00667F6C /* Info.plist */ = {isa = PBXFileReference; lastKnownFileType = text.plist.xml; path = Info.plist; sourceTree = "<group>"; };
		2613E78B1FABE27E00667F6C /* SelfiegramTests.xctest */ = {isa = PBXFileReference; explicitFileType = wrapper.cfbundle; includeInIndex = 0; path = SelfiegramTests.xctest; sourceTree = BUILT_PRODUCTS_DIR; };
		2613E78F1FABE27E00667F6C /* SelfiegramTests.swift */ = {isa = PBXFileReference; lastKnownFileType = sourcecode.swift; path = SelfiegramTests.swift; sourceTree = "<group>"; };
		2613E7911FABE27E00667F6C /* Info.plist */ = {isa = PBXFileReference; lastKnownFileType = text.plist.xml; path = Info.plist; sourceTree = "<group>"; };
		2613E7961FABE27E00667F6C /* SelfiegramUITests.xctest */ = {isa = PBXFileReference; explicitFileType = wrapper.cfbundle; includeInIndex = 0; path = SelfiegramUITests.xctest; sourceTree = BUILT_PRODUCTS_DIR; };
		2613E79A1FABE27E00667F6C /* SelfiegramUITests.swift */ = {isa = PBXFileReference; lastKnownFileType = sourcecode.swift; path = SelfiegramUITests.swift; sourceTree = "<group>"; };
		2613E79C1FABE27E00667F6C /* Info.plist */ = {isa = PBXFileReference; lastKnownFileType = text.plist.xml; path = Info.plist; sourceTree = "<group>"; };
		2634614A1FB28D9800FE2CCE /* ProfileViewController.swift */ = {isa = PBXFileReference; lastKnownFileType = sourcecode.swift; path = ProfileViewController.swift; sourceTree = "<group>"; };
		2636F7641FD0E18700DB1403 /* Activity.swift */ = {isa = PBXFileReference; lastKnownFileType = sourcecode.swift; path = Activity.swift; sourceTree = "<group>"; };
		2674305F1FBBC622009E30F1 /* FeedTableViewController.swift */ = {isa = PBXFileReference; lastKnownFileType = sourcecode.swift; path = FeedTableViewController.swift; sourceTree = "<group>"; };
		2676356B1FD777390074A9C9 /* ActivityViewControllerTableViewController.swift */ = {isa = PBXFileReference; lastKnownFileType = sourcecode.swift; path = ActivityViewControllerTableViewController.swift; sourceTree = "<group>"; };
		2676356D1FD777650074A9C9 /* ActivityCellTableViewCell.swift */ = {isa = PBXFileReference; lastKnownFileType = sourcecode.swift; path = ActivityCellTableViewCell.swift; sourceTree = "<group>"; };
		26A053CC1FBA98E600CE6596 /* User.swift */ = {isa = PBXFileReference; lastKnownFileType = sourcecode.swift; path = User.swift; sourceTree = "<group>"; };
		26A053CE1FBA9D0100CE6596 /* Post.swift */ = {isa = PBXFileReference; lastKnownFileType = sourcecode.swift; path = Post.swift; sourceTree = "<group>"; };
		26BE6F8F1FBE6EE700AAB6A8 /* SelfieTableViewCell.swift */ = {isa = PBXFileReference; lastKnownFileType = sourcecode.swift; path = SelfieTableViewCell.swift; sourceTree = "<group>"; };
		2E8FD351681B71B899C66C6C /* Pods_Selfiegram.framework */ = {isa = PBXFileReference; explicitFileType = wrapper.framework; includeInIndex = 0; path = Pods_Selfiegram.framework; sourceTree = BUILT_PRODUCTS_DIR; };
		49A52BF171B9B43F03A63BD6 /* Pods-SelfiegramTests.release.xcconfig */ = {isa = PBXFileReference; includeInIndex = 1; lastKnownFileType = text.xcconfig; name = "Pods-SelfiegramTests.release.xcconfig"; path = "Pods/Target Support Files/Pods-SelfiegramTests/Pods-SelfiegramTests.release.xcconfig"; sourceTree = "<group>"; };
		4BD4FF305C0DF2F618449A02 /* Pods-Selfiegram.release.xcconfig */ = {isa = PBXFileReference; includeInIndex = 1; lastKnownFileType = text.xcconfig; name = "Pods-Selfiegram.release.xcconfig"; path = "Pods/Target Support Files/Pods-Selfiegram/Pods-Selfiegram.release.xcconfig"; sourceTree = "<group>"; };
		88D0719AD842DE64B5FA22D6 /* Pods_SelfiegramTests.framework */ = {isa = PBXFileReference; explicitFileType = wrapper.framework; includeInIndex = 0; path = Pods_SelfiegramTests.framework; sourceTree = BUILT_PRODUCTS_DIR; };
		8B321293DF205ACA57D13485 /* Pods-SelfiegramTests.debug.xcconfig */ = {isa = PBXFileReference; includeInIndex = 1; lastKnownFileType = text.xcconfig; name = "Pods-SelfiegramTests.debug.xcconfig"; path = "Pods/Target Support Files/Pods-SelfiegramTests/Pods-SelfiegramTests.debug.xcconfig"; sourceTree = "<group>"; };
		A1F61EC0FBEBB773573DA020 /* Pods-SelfiegramUITests.release.xcconfig */ = {isa = PBXFileReference; includeInIndex = 1; lastKnownFileType = text.xcconfig; name = "Pods-SelfiegramUITests.release.xcconfig"; path = "Pods/Target Support Files/Pods-SelfiegramUITests/Pods-SelfiegramUITests.release.xcconfig"; sourceTree = "<group>"; };
/* End PBXFileReference section */

/* Begin PBXFrameworksBuildPhase section */
		2613E7741FABE27E00667F6C /* Frameworks */ = {
			isa = PBXFrameworksBuildPhase;
			buildActionMask = 2147483647;
			files = (
				C74632E857F2156E17C333C5 /* Pods_Selfiegram.framework in Frameworks */,
			);
			runOnlyForDeploymentPostprocessing = 0;
		};
		2613E7881FABE27E00667F6C /* Frameworks */ = {
			isa = PBXFrameworksBuildPhase;
			buildActionMask = 2147483647;
			files = (
				34A02308970048BE8198D8F5 /* Pods_SelfiegramTests.framework in Frameworks */,
			);
			runOnlyForDeploymentPostprocessing = 0;
		};
		2613E7931FABE27E00667F6C /* Frameworks */ = {
			isa = PBXFrameworksBuildPhase;
			buildActionMask = 2147483647;
			files = (
				985AA1772634734BC0BD6EA7 /* Pods_SelfiegramUITests.framework in Frameworks */,
			);
			runOnlyForDeploymentPostprocessing = 0;
		};
/* End PBXFrameworksBuildPhase section */

/* Begin PBXGroup section */
		2613E76E1FABE27E00667F6C = {
			isa = PBXGroup;
			children = (
				2613E7791FABE27E00667F6C /* Selfiegram */,
				2613E78E1FABE27E00667F6C /* SelfiegramTests */,
				2613E7991FABE27E00667F6C /* SelfiegramUITests */,
				2613E7781FABE27E00667F6C /* Products */,
				D14E568CB0F56C758BA9A6AC /* Pods */,
				BB73877442D33F94D15519E0 /* Frameworks */,
			);
			sourceTree = "<group>";
		};
		2613E7781FABE27E00667F6C /* Products */ = {
			isa = PBXGroup;
			children = (
				2613E7771FABE27E00667F6C /* Selfiegram.app */,
				2613E78B1FABE27E00667F6C /* SelfiegramTests.xctest */,
				2613E7961FABE27E00667F6C /* SelfiegramUITests.xctest */,
			);
			name = Products;
			sourceTree = "<group>";
		};
		2613E7791FABE27E00667F6C /* Selfiegram */ = {
			isa = PBXGroup;
			children = (
				2613E77A1FABE27E00667F6C /* AppDelegate.swift */,
				2613E77C1FABE27E00667F6C /* ViewController.swift */,
				2613E77E1FABE27E00667F6C /* Main.storyboard */,
				2676356B1FD777390074A9C9 /* ActivityViewControllerTableViewController.swift */,
				2676356D1FD777650074A9C9 /* ActivityCellTableViewCell.swift */,
				2674305F1FBBC622009E30F1 /* FeedTableViewController.swift */,
				26A053CC1FBA98E600CE6596 /* User.swift */,
				26A053CE1FBA9D0100CE6596 /* Post.swift */,
				2634614A1FB28D9800FE2CCE /* ProfileViewController.swift */,
				2613E7811FABE27E00667F6C /* Assets.xcassets */,
				2613E7831FABE27E00667F6C /* LaunchScreen.storyboard */,
				2613E7861FABE27E00667F6C /* Info.plist */,
				26BE6F8F1FBE6EE700AAB6A8 /* SelfieTableViewCell.swift */,
				2636F7641FD0E18700DB1403 /* Activity.swift */,
			);
			path = Selfiegram;
			sourceTree = "<group>";
		};
		2613E78E1FABE27E00667F6C /* SelfiegramTests */ = {
			isa = PBXGroup;
			children = (
				2613E78F1FABE27E00667F6C /* SelfiegramTests.swift */,
				2613E7911FABE27E00667F6C /* Info.plist */,
			);
			path = SelfiegramTests;
			sourceTree = "<group>";
		};
		2613E7991FABE27E00667F6C /* SelfiegramUITests */ = {
			isa = PBXGroup;
			children = (
				2613E79A1FABE27E00667F6C /* SelfiegramUITests.swift */,
				2613E79C1FABE27E00667F6C /* Info.plist */,
			);
			path = SelfiegramUITests;
			sourceTree = "<group>";
		};
		BB73877442D33F94D15519E0 /* Frameworks */ = {
			isa = PBXGroup;
			children = (
				2E8FD351681B71B899C66C6C /* Pods_Selfiegram.framework */,
				88D0719AD842DE64B5FA22D6 /* Pods_SelfiegramTests.framework */,
				1BDC0F645EC55AAFF6CA6391 /* Pods_SelfiegramUITests.framework */,
			);
			name = Frameworks;
			sourceTree = "<group>";
		};
		D14E568CB0F56C758BA9A6AC /* Pods */ = {
			isa = PBXGroup;
			children = (
				170CAA70F96FDA609CBCB3C4 /* Pods-Selfiegram.debug.xcconfig */,
				4BD4FF305C0DF2F618449A02 /* Pods-Selfiegram.release.xcconfig */,
				8B321293DF205ACA57D13485 /* Pods-SelfiegramTests.debug.xcconfig */,
				49A52BF171B9B43F03A63BD6 /* Pods-SelfiegramTests.release.xcconfig */,
				103F389B88DA6E8513D622B6 /* Pods-SelfiegramUITests.debug.xcconfig */,
				A1F61EC0FBEBB773573DA020 /* Pods-SelfiegramUITests.release.xcconfig */,
			);
			name = Pods;
			sourceTree = "<group>";
		};
/* End PBXGroup section */

/* Begin PBXNativeTarget section */
		2613E7761FABE27E00667F6C /* Selfiegram */ = {
			isa = PBXNativeTarget;
			buildConfigurationList = 2613E79F1FABE27E00667F6C /* Build configuration list for PBXNativeTarget "Selfiegram" */;
			buildPhases = (
				182CD4937F14CC9C846D7DC2 /* [CP] Check Pods Manifest.lock */,
				2613E7731FABE27E00667F6C /* Sources */,
				2613E7741FABE27E00667F6C /* Frameworks */,
				2613E7751FABE27E00667F6C /* Resources */,
				DA9AE4E0B92EC13074E629A0 /* [CP] Embed Pods Frameworks */,
				3BBB8A68491548A2C3A2F6DA /* [CP] Copy Pods Resources */,
			);
			buildRules = (
			);
			dependencies = (
			);
			name = Selfiegram;
			productName = Selfiegram;
			productReference = 2613E7771FABE27E00667F6C /* Selfiegram.app */;
			productType = "com.apple.product-type.application";
		};
		2613E78A1FABE27E00667F6C /* SelfiegramTests */ = {
			isa = PBXNativeTarget;
			buildConfigurationList = 2613E7A21FABE27E00667F6C /* Build configuration list for PBXNativeTarget "SelfiegramTests" */;
			buildPhases = (
				D341D34D0DA52EFD3DCC4E6C /* [CP] Check Pods Manifest.lock */,
				2613E7871FABE27E00667F6C /* Sources */,
				2613E7881FABE27E00667F6C /* Frameworks */,
				2613E7891FABE27E00667F6C /* Resources */,
				6EE818ED6A67C23FBB8DC299 /* [CP] Embed Pods Frameworks */,
				4B6C892D1272CCD5DD16AC1B /* [CP] Copy Pods Resources */,
			);
			buildRules = (
			);
			dependencies = (
				2613E78D1FABE27E00667F6C /* PBXTargetDependency */,
			);
			name = SelfiegramTests;
			productName = SelfiegramTests;
			productReference = 2613E78B1FABE27E00667F6C /* SelfiegramTests.xctest */;
			productType = "com.apple.product-type.bundle.unit-test";
		};
		2613E7951FABE27E00667F6C /* SelfiegramUITests */ = {
			isa = PBXNativeTarget;
			buildConfigurationList = 2613E7A51FABE27E00667F6C /* Build configuration list for PBXNativeTarget "SelfiegramUITests" */;
			buildPhases = (
				8B6C2D46A806931F2CC124FF /* [CP] Check Pods Manifest.lock */,
				2613E7921FABE27E00667F6C /* Sources */,
				2613E7931FABE27E00667F6C /* Frameworks */,
				2613E7941FABE27E00667F6C /* Resources */,
				EF368A825959F8A6D48075F8 /* [CP] Embed Pods Frameworks */,
				D283C2CDEA2ACC81D9B09BD3 /* [CP] Copy Pods Resources */,
			);
			buildRules = (
			);
			dependencies = (
				2613E7981FABE27E00667F6C /* PBXTargetDependency */,
			);
			name = SelfiegramUITests;
			productName = SelfiegramUITests;
			productReference = 2613E7961FABE27E00667F6C /* SelfiegramUITests.xctest */;
			productType = "com.apple.product-type.bundle.ui-testing";
		};
/* End PBXNativeTarget section */

/* Begin PBXProject section */
		2613E76F1FABE27E00667F6C /* Project object */ = {
			isa = PBXProject;
			attributes = {
				LastSwiftUpdateCheck = 0900;
				LastUpgradeCheck = 0900;
				ORGANIZATIONNAME = "Sarah Lochhead";
				TargetAttributes = {
					2613E7761FABE27E00667F6C = {
						CreatedOnToolsVersion = 9.0.1;
						ProvisioningStyle = Automatic;
					};
					2613E78A1FABE27E00667F6C = {
						CreatedOnToolsVersion = 9.0.1;
						ProvisioningStyle = Automatic;
						TestTargetID = 2613E7761FABE27E00667F6C;
					};
					2613E7951FABE27E00667F6C = {
						CreatedOnToolsVersion = 9.0.1;
						ProvisioningStyle = Automatic;
						TestTargetID = 2613E7761FABE27E00667F6C;
					};
				};
			};
			buildConfigurationList = 2613E7721FABE27E00667F6C /* Build configuration list for PBXProject "Selfiegram" */;
			compatibilityVersion = "Xcode 8.0";
			developmentRegion = en;
			hasScannedForEncodings = 0;
			knownRegions = (
				en,
				Base,
			);
			mainGroup = 2613E76E1FABE27E00667F6C;
			productRefGroup = 2613E7781FABE27E00667F6C /* Products */;
			projectDirPath = "";
			projectRoot = "";
			targets = (
				2613E7761FABE27E00667F6C /* Selfiegram */,
				2613E78A1FABE27E00667F6C /* SelfiegramTests */,
				2613E7951FABE27E00667F6C /* SelfiegramUITests */,
			);
		};
/* End PBXProject section */

/* Begin PBXResourcesBuildPhase section */
		2613E7751FABE27E00667F6C /* Resources */ = {
			isa = PBXResourcesBuildPhase;
			buildActionMask = 2147483647;
			files = (
				2613E7851FABE27E00667F6C /* LaunchScreen.storyboard in Resources */,
				2613E7821FABE27E00667F6C /* Assets.xcassets in Resources */,
				2613E7801FABE27E00667F6C /* Main.storyboard in Resources */,
			);
			runOnlyForDeploymentPostprocessing = 0;
		};
		2613E7891FABE27E00667F6C /* Resources */ = {
			isa = PBXResourcesBuildPhase;
			buildActionMask = 2147483647;
			files = (
			);
			runOnlyForDeploymentPostprocessing = 0;
		};
		2613E7941FABE27E00667F6C /* Resources */ = {
			isa = PBXResourcesBuildPhase;
			buildActionMask = 2147483647;
			files = (
			);
			runOnlyForDeploymentPostprocessing = 0;
		};
/* End PBXResourcesBuildPhase section */

/* Begin PBXShellScriptBuildPhase section */
		182CD4937F14CC9C846D7DC2 /* [CP] Check Pods Manifest.lock */ = {
			isa = PBXShellScriptBuildPhase;
			buildActionMask = 2147483647;
			files = (
			);
			inputPaths = (
				"${PODS_PODFILE_DIR_PATH}/Podfile.lock",
				"${PODS_ROOT}/Manifest.lock",
			);
			name = "[CP] Check Pods Manifest.lock";
			outputPaths = (
				"$(DERIVED_FILE_DIR)/Pods-Selfiegram-checkManifestLockResult.txt",
			);
			runOnlyForDeploymentPostprocessing = 0;
			shellPath = /bin/sh;
			shellScript = "diff \"${PODS_PODFILE_DIR_PATH}/Podfile.lock\" \"${PODS_ROOT}/Manifest.lock\" > /dev/null\nif [ $? != 0 ] ; then\n    # print error to STDERR\n    echo \"error: The sandbox is not in sync with the Podfile.lock. Run 'pod install' or update your CocoaPods installation.\" >&2\n    exit 1\nfi\n# This output is used by Xcode 'outputs' to avoid re-running this script phase.\necho \"SUCCESS\" > \"${SCRIPT_OUTPUT_FILE_0}\"\n";
			showEnvVarsInLog = 0;
		};
		3BBB8A68491548A2C3A2F6DA /* [CP] Copy Pods Resources */ = {
			isa = PBXShellScriptBuildPhase;
			buildActionMask = 2147483647;
			files = (
			);
			inputPaths = (
			);
			name = "[CP] Copy Pods Resources";
			outputPaths = (
			);
			runOnlyForDeploymentPostprocessing = 0;
			shellPath = /bin/sh;
			shellScript = "\"${SRCROOT}/Pods/Target Support Files/Pods-Selfiegram/Pods-Selfiegram-resources.sh\"\n";
			showEnvVarsInLog = 0;
		};
		4B6C892D1272CCD5DD16AC1B /* [CP] Copy Pods Resources */ = {
			isa = PBXShellScriptBuildPhase;
			buildActionMask = 2147483647;
			files = (
			);
			inputPaths = (
			);
			name = "[CP] Copy Pods Resources";
			outputPaths = (
			);
			runOnlyForDeploymentPostprocessing = 0;
			shellPath = /bin/sh;
			shellScript = "\"${SRCROOT}/Pods/Target Support Files/Pods-SelfiegramTests/Pods-SelfiegramTests-resources.sh\"\n";
			showEnvVarsInLog = 0;
		};
		6EE818ED6A67C23FBB8DC299 /* [CP] Embed Pods Frameworks */ = {
			isa = PBXShellScriptBuildPhase;
			buildActionMask = 2147483647;
			files = (
			);
			inputPaths = (
			);
			name = "[CP] Embed Pods Frameworks";
			outputPaths = (
			);
			runOnlyForDeploymentPostprocessing = 0;
			shellPath = /bin/sh;
			shellScript = "\"${SRCROOT}/Pods/Target Support Files/Pods-SelfiegramTests/Pods-SelfiegramTests-frameworks.sh\"\n";
			showEnvVarsInLog = 0;
		};
		8B6C2D46A806931F2CC124FF /* [CP] Check Pods Manifest.lock */ = {
			isa = PBXShellScriptBuildPhase;
			buildActionMask = 2147483647;
			files = (
			);
			inputPaths = (
				"${PODS_PODFILE_DIR_PATH}/Podfile.lock",
				"${PODS_ROOT}/Manifest.lock",
			);
			name = "[CP] Check Pods Manifest.lock";
			outputPaths = (
				"$(DERIVED_FILE_DIR)/Pods-SelfiegramUITests-checkManifestLockResult.txt",
			);
			runOnlyForDeploymentPostprocessing = 0;
			shellPath = /bin/sh;
			shellScript = "diff \"${PODS_PODFILE_DIR_PATH}/Podfile.lock\" \"${PODS_ROOT}/Manifest.lock\" > /dev/null\nif [ $? != 0 ] ; then\n    # print error to STDERR\n    echo \"error: The sandbox is not in sync with the Podfile.lock. Run 'pod install' or update your CocoaPods installation.\" >&2\n    exit 1\nfi\n# This output is used by Xcode 'outputs' to avoid re-running this script phase.\necho \"SUCCESS\" > \"${SCRIPT_OUTPUT_FILE_0}\"\n";
			showEnvVarsInLog = 0;
		};
		D283C2CDEA2ACC81D9B09BD3 /* [CP] Copy Pods Resources */ = {
			isa = PBXShellScriptBuildPhase;
			buildActionMask = 2147483647;
			files = (
			);
			inputPaths = (
			);
			name = "[CP] Copy Pods Resources";
			outputPaths = (
			);
			runOnlyForDeploymentPostprocessing = 0;
			shellPath = /bin/sh;
			shellScript = "\"${SRCROOT}/Pods/Target Support Files/Pods-SelfiegramUITests/Pods-SelfiegramUITests-resources.sh\"\n";
			showEnvVarsInLog = 0;
		};
		D341D34D0DA52EFD3DCC4E6C /* [CP] Check Pods Manifest.lock */ = {
			isa = PBXShellScriptBuildPhase;
			buildActionMask = 2147483647;
			files = (
			);
			inputPaths = (
				"${PODS_PODFILE_DIR_PATH}/Podfile.lock",
				"${PODS_ROOT}/Manifest.lock",
			);
			name = "[CP] Check Pods Manifest.lock";
			outputPaths = (
				"$(DERIVED_FILE_DIR)/Pods-SelfiegramTests-checkManifestLockResult.txt",
			);
			runOnlyForDeploymentPostprocessing = 0;
			shellPath = /bin/sh;
			shellScript = "diff \"${PODS_PODFILE_DIR_PATH}/Podfile.lock\" \"${PODS_ROOT}/Manifest.lock\" > /dev/null\nif [ $? != 0 ] ; then\n    # print error to STDERR\n    echo \"error: The sandbox is not in sync with the Podfile.lock. Run 'pod install' or update your CocoaPods installation.\" >&2\n    exit 1\nfi\n# This output is used by Xcode 'outputs' to avoid re-running this script phase.\necho \"SUCCESS\" > \"${SCRIPT_OUTPUT_FILE_0}\"\n";
			showEnvVarsInLog = 0;
		};
		DA9AE4E0B92EC13074E629A0 /* [CP] Embed Pods Frameworks */ = {
			isa = PBXShellScriptBuildPhase;
			buildActionMask = 2147483647;
			files = (
			);
			inputPaths = (
				"${SRCROOT}/Pods/Target Support Files/Pods-Selfiegram/Pods-Selfiegram-frameworks.sh",
				"${BUILT_PRODUCTS_DIR}/Bolts/Bolts.framework",
				"${BUILT_PRODUCTS_DIR}/Parse/Parse.framework",
			);
			name = "[CP] Embed Pods Frameworks";
			outputPaths = (
				"${TARGET_BUILD_DIR}/${FRAMEWORKS_FOLDER_PATH}/Bolts.framework",
				"${TARGET_BUILD_DIR}/${FRAMEWORKS_FOLDER_PATH}/Parse.framework",
			);
			runOnlyForDeploymentPostprocessing = 0;
			shellPath = /bin/sh;
			shellScript = "\"${SRCROOT}/Pods/Target Support Files/Pods-Selfiegram/Pods-Selfiegram-frameworks.sh\"\n";
			showEnvVarsInLog = 0;
		};
		EF368A825959F8A6D48075F8 /* [CP] Embed Pods Frameworks */ = {
			isa = PBXShellScriptBuildPhase;
			buildActionMask = 2147483647;
			files = (
			);
			inputPaths = (
			);
			name = "[CP] Embed Pods Frameworks";
			outputPaths = (
			);
			runOnlyForDeploymentPostprocessing = 0;
			shellPath = /bin/sh;
			shellScript = "\"${SRCROOT}/Pods/Target Support Files/Pods-SelfiegramUITests/Pods-SelfiegramUITests-frameworks.sh\"\n";
			showEnvVarsInLog = 0;
		};
/* End PBXShellScriptBuildPhase section */

/* Begin PBXSourcesBuildPhase section */
		2613E7731FABE27E00667F6C /* Sources */ = {
			isa = PBXSourcesBuildPhase;
			buildActionMask = 2147483647;
			files = (
				2676356E1FD777650074A9C9 /* ActivityCellTableViewCell.swift in Sources */,
				26A053CD1FBA98E600CE6596 /* User.swift in Sources */,
				267430601FBBC622009E30F1 /* FeedTableViewController.swift in Sources */,
				26BE6F901FBE6EE700AAB6A8 /* SelfieTableViewCell.swift in Sources */,
				2634614B1FB28D9800FE2CCE /* ProfileViewController.swift in Sources */,
				2613E77D1FABE27E00667F6C /* ViewController.swift in Sources */,
				2676356C1FD777390074A9C9 /* ActivityViewControllerTableViewController.swift in Sources */,
				2613E77B1FABE27E00667F6C /* AppDelegate.swift in Sources */,
				2636F7651FD0E18700DB1403 /* Activity.swift in Sources */,
				26A053CF1FBA9D0100CE6596 /* Post.swift in Sources */,
			);
			runOnlyForDeploymentPostprocessing = 0;
		};
		2613E7871FABE27E00667F6C /* Sources */ = {
			isa = PBXSourcesBuildPhase;
			buildActionMask = 2147483647;
			files = (
				2613E7901FABE27E00667F6C /* SelfiegramTests.swift in Sources */,
			);
			runOnlyForDeploymentPostprocessing = 0;
		};
		2613E7921FABE27E00667F6C /* Sources */ = {
			isa = PBXSourcesBuildPhase;
			buildActionMask = 2147483647;
			files = (
				2613E79B1FABE27E00667F6C /* SelfiegramUITests.swift in Sources */,
			);
			runOnlyForDeploymentPostprocessing = 0;
		};
/* End PBXSourcesBuildPhase section */

/* Begin PBXTargetDependency section */
		2613E78D1FABE27E00667F6C /* PBXTargetDependency */ = {
			isa = PBXTargetDependency;
			target = 2613E7761FABE27E00667F6C /* Selfiegram */;
			targetProxy = 2613E78C1FABE27E00667F6C /* PBXContainerItemProxy */;
		};
		2613E7981FABE27E00667F6C /* PBXTargetDependency */ = {
			isa = PBXTargetDependency;
			target = 2613E7761FABE27E00667F6C /* Selfiegram */;
			targetProxy = 2613E7971FABE27E00667F6C /* PBXContainerItemProxy */;
		};
/* End PBXTargetDependency section */

/* Begin PBXVariantGroup section */
		2613E77E1FABE27E00667F6C /* Main.storyboard */ = {
			isa = PBXVariantGroup;
			children = (
				2613E77F1FABE27E00667F6C /* Base */,
			);
			name = Main.storyboard;
			sourceTree = "<group>";
		};
		2613E7831FABE27E00667F6C /* LaunchScreen.storyboard */ = {
			isa = PBXVariantGroup;
			children = (
				2613E7841FABE27E00667F6C /* Base */,
			);
			name = LaunchScreen.storyboard;
			sourceTree = "<group>";
		};
/* End PBXVariantGroup section */

/* Begin XCBuildConfiguration section */
		2613E79D1FABE27E00667F6C /* Debug */ = {
			isa = XCBuildConfiguration;
			buildSettings = {
				ALWAYS_SEARCH_USER_PATHS = NO;
				CLANG_ANALYZER_NONNULL = YES;
				CLANG_ANALYZER_NUMBER_OBJECT_CONVERSION = YES_AGGRESSIVE;
				CLANG_CXX_LANGUAGE_STANDARD = "gnu++14";
				CLANG_CXX_LIBRARY = "libc++";
				CLANG_ENABLE_MODULES = YES;
				CLANG_ENABLE_OBJC_ARC = YES;
				CLANG_WARN_BLOCK_CAPTURE_AUTORELEASING = YES;
				CLANG_WARN_BOOL_CONVERSION = YES;
				CLANG_WARN_COMMA = YES;
				CLANG_WARN_CONSTANT_CONVERSION = YES;
				CLANG_WARN_DIRECT_OBJC_ISA_USAGE = YES_ERROR;
				CLANG_WARN_DOCUMENTATION_COMMENTS = YES;
				CLANG_WARN_EMPTY_BODY = YES;
				CLANG_WARN_ENUM_CONVERSION = YES;
				CLANG_WARN_INFINITE_RECURSION = YES;
				CLANG_WARN_INT_CONVERSION = YES;
				CLANG_WARN_NON_LITERAL_NULL_CONVERSION = YES;
				CLANG_WARN_OBJC_LITERAL_CONVERSION = YES;
				CLANG_WARN_OBJC_ROOT_CLASS = YES_ERROR;
				CLANG_WARN_RANGE_LOOP_ANALYSIS = YES;
				CLANG_WARN_STRICT_PROTOTYPES = YES;
				CLANG_WARN_SUSPICIOUS_MOVE = YES;
				CLANG_WARN_UNGUARDED_AVAILABILITY = YES_AGGRESSIVE;
				CLANG_WARN_UNREACHABLE_CODE = YES;
				CLANG_WARN__DUPLICATE_METHOD_MATCH = YES;
				CODE_SIGN_IDENTITY = "iPhone Developer";
				COPY_PHASE_STRIP = NO;
				DEBUG_INFORMATION_FORMAT = dwarf;
				ENABLE_STRICT_OBJC_MSGSEND = YES;
				ENABLE_TESTABILITY = YES;
				GCC_C_LANGUAGE_STANDARD = gnu11;
				GCC_DYNAMIC_NO_PIC = NO;
				GCC_NO_COMMON_BLOCKS = YES;
				GCC_OPTIMIZATION_LEVEL = 0;
				GCC_PREPROCESSOR_DEFINITIONS = (
					"DEBUG=1",
					"$(inherited)",
				);
				GCC_WARN_64_TO_32_BIT_CONVERSION = YES;
				GCC_WARN_ABOUT_RETURN_TYPE = YES_ERROR;
				GCC_WARN_UNDECLARED_SELECTOR = YES;
				GCC_WARN_UNINITIALIZED_AUTOS = YES_AGGRESSIVE;
				GCC_WARN_UNUSED_FUNCTION = YES;
				GCC_WARN_UNUSED_VARIABLE = YES;
				IPHONEOS_DEPLOYMENT_TARGET = 11.0;
				MTL_ENABLE_DEBUG_INFO = YES;
				ONLY_ACTIVE_ARCH = YES;
				SDKROOT = iphoneos;
				SWIFT_ACTIVE_COMPILATION_CONDITIONS = DEBUG;
				SWIFT_OPTIMIZATION_LEVEL = "-Onone";
			};
			name = Debug;
		};
		2613E79E1FABE27E00667F6C /* Release */ = {
			isa = XCBuildConfiguration;
			buildSettings = {
				ALWAYS_SEARCH_USER_PATHS = NO;
				CLANG_ANALYZER_NONNULL = YES;
				CLANG_ANALYZER_NUMBER_OBJECT_CONVERSION = YES_AGGRESSIVE;
				CLANG_CXX_LANGUAGE_STANDARD = "gnu++14";
				CLANG_CXX_LIBRARY = "libc++";
				CLANG_ENABLE_MODULES = YES;
				CLANG_ENABLE_OBJC_ARC = YES;
				CLANG_WARN_BLOCK_CAPTURE_AUTORELEASING = YES;
				CLANG_WARN_BOOL_CONVERSION = YES;
				CLANG_WARN_COMMA = YES;
				CLANG_WARN_CONSTANT_CONVERSION = YES;
				CLANG_WARN_DIRECT_OBJC_ISA_USAGE = YES_ERROR;
				CLANG_WARN_DOCUMENTATION_COMMENTS = YES;
				CLANG_WARN_EMPTY_BODY = YES;
				CLANG_WARN_ENUM_CONVERSION = YES;
				CLANG_WARN_INFINITE_RECURSION = YES;
				CLANG_WARN_INT_CONVERSION = YES;
				CLANG_WARN_NON_LITERAL_NULL_CONVERSION = YES;
				CLANG_WARN_OBJC_LITERAL_CONVERSION = YES;
				CLANG_WARN_OBJC_ROOT_CLASS = YES_ERROR;
				CLANG_WARN_RANGE_LOOP_ANALYSIS = YES;
				CLANG_WARN_STRICT_PROTOTYPES = YES;
				CLANG_WARN_SUSPICIOUS_MOVE = YES;
				CLANG_WARN_UNGUARDED_AVAILABILITY = YES_AGGRESSIVE;
				CLANG_WARN_UNREACHABLE_CODE = YES;
				CLANG_WARN__DUPLICATE_METHOD_MATCH = YES;
				CODE_SIGN_IDENTITY = "iPhone Developer";
				COPY_PHASE_STRIP = NO;
				DEBUG_INFORMATION_FORMAT = "dwarf-with-dsym";
				ENABLE_NS_ASSERTIONS = NO;
				ENABLE_STRICT_OBJC_MSGSEND = YES;
				GCC_C_LANGUAGE_STANDARD = gnu11;
				GCC_NO_COMMON_BLOCKS = YES;
				GCC_WARN_64_TO_32_BIT_CONVERSION = YES;
				GCC_WARN_ABOUT_RETURN_TYPE = YES_ERROR;
				GCC_WARN_UNDECLARED_SELECTOR = YES;
				GCC_WARN_UNINITIALIZED_AUTOS = YES_AGGRESSIVE;
				GCC_WARN_UNUSED_FUNCTION = YES;
				GCC_WARN_UNUSED_VARIABLE = YES;
				IPHONEOS_DEPLOYMENT_TARGET = 11.0;
				MTL_ENABLE_DEBUG_INFO = NO;
				SDKROOT = iphoneos;
				SWIFT_OPTIMIZATION_LEVEL = "-Owholemodule";
				VALIDATE_PRODUCT = YES;
			};
			name = Release;
		};
		2613E7A01FABE27E00667F6C /* Debug */ = {
			isa = XCBuildConfiguration;
			baseConfigurationReference = 170CAA70F96FDA609CBCB3C4 /* Pods-Selfiegram.debug.xcconfig */;
			buildSettings = {
				ASSETCATALOG_COMPILER_APPICON_NAME = "AppIcon-1";
				CODE_SIGN_STYLE = Automatic;
				INFOPLIST_FILE = Selfiegram/Info.plist;
				LD_RUNPATH_SEARCH_PATHS = "$(inherited) @executable_path/Frameworks";
				PRODUCT_BUNDLE_IDENTIFIER = com.lochhead.test.Selfiegram;
				PRODUCT_NAME = "$(TARGET_NAME)";
				SWIFT_VERSION = 4.0;
				TARGETED_DEVICE_FAMILY = "1,2";
			};
			name = Debug;
		};
		2613E7A11FABE27E00667F6C /* Release */ = {
			isa = XCBuildConfiguration;
			baseConfigurationReference = 4BD4FF305C0DF2F618449A02 /* Pods-Selfiegram.release.xcconfig */;
			buildSettings = {
				ASSETCATALOG_COMPILER_APPICON_NAME = "AppIcon-1";
				CODE_SIGN_STYLE = Automatic;
				INFOPLIST_FILE = Selfiegram/Info.plist;
				LD_RUNPATH_SEARCH_PATHS = "$(inherited) @executable_path/Frameworks";
				PRODUCT_BUNDLE_IDENTIFIER = com.lochhead.test.Selfiegram;
				PRODUCT_NAME = "$(TARGET_NAME)";
				SWIFT_VERSION = 4.0;
				TARGETED_DEVICE_FAMILY = "1,2";
			};
			name = Release;
		};
		2613E7A31FABE27E00667F6C /* Debug */ = {
			isa = XCBuildConfiguration;
			baseConfigurationReference = 8B321293DF205ACA57D13485 /* Pods-SelfiegramTests.debug.xcconfig */;
			buildSettings = {
				ALWAYS_EMBED_SWIFT_STANDARD_LIBRARIES = YES;
				BUNDLE_LOADER = "$(TEST_HOST)";
				CODE_SIGN_STYLE = Automatic;
				INFOPLIST_FILE = SelfiegramTests/Info.plist;
				LD_RUNPATH_SEARCH_PATHS = "$(inherited) @executable_path/Frameworks @loader_path/Frameworks";
				PRODUCT_BUNDLE_IDENTIFIER = com.lochhead.test.SelfiegramTests;
				PRODUCT_NAME = "$(TARGET_NAME)";
				SWIFT_VERSION = 4.0;
				TARGETED_DEVICE_FAMILY = "1,2";
				TEST_HOST = "$(BUILT_PRODUCTS_DIR)/Selfiegram.app/Selfiegram";
			};
			name = Debug;
		};
		2613E7A41FABE27E00667F6C /* Release */ = {
			isa = XCBuildConfiguration;
			baseConfigurationReference = 49A52BF171B9B43F03A63BD6 /* Pods-SelfiegramTests.release.xcconfig */;
			buildSettings = {
				ALWAYS_EMBED_SWIFT_STANDARD_LIBRARIES = YES;
				BUNDLE_LOADER = "$(TEST_HOST)";
				CODE_SIGN_STYLE = Automatic;
				INFOPLIST_FILE = SelfiegramTests/Info.plist;
				LD_RUNPATH_SEARCH_PATHS = "$(inherited) @executable_path/Frameworks @loader_path/Frameworks";
				PRODUCT_BUNDLE_IDENTIFIER = com.lochhead.test.SelfiegramTests;
				PRODUCT_NAME = "$(TARGET_NAME)";
				SWIFT_VERSION = 4.0;
				TARGETED_DEVICE_FAMILY = "1,2";
				TEST_HOST = "$(BUILT_PRODUCTS_DIR)/Selfiegram.app/Selfiegram";
			};
			name = Release;
		};
		2613E7A61FABE27E00667F6C /* Debug */ = {
			isa = XCBuildConfiguration;
			baseConfigurationReference = 103F389B88DA6E8513D622B6 /* Pods-SelfiegramUITests.debug.xcconfig */;
			buildSettings = {
				ALWAYS_EMBED_SWIFT_STANDARD_LIBRARIES = YES;
				CODE_SIGN_STYLE = Automatic;
				INFOPLIST_FILE = SelfiegramUITests/Info.plist;
				LD_RUNPATH_SEARCH_PATHS = "$(inherited) @executable_path/Frameworks @loader_path/Frameworks";
				PRODUCT_BUNDLE_IDENTIFIER = com.lochhead.test.SelfiegramUITests;
				PRODUCT_NAME = "$(TARGET_NAME)";
				SWIFT_VERSION = 4.0;
				TARGETED_DEVICE_FAMILY = "1,2";
				TEST_TARGET_NAME = Selfiegram;
			};
			name = Debug;
		};
		2613E7A71FABE27E00667F6C /* Release */ = {
			isa = XCBuildConfiguration;
			baseConfigurationReference = A1F61EC0FBEBB773573DA020 /* Pods-SelfiegramUITests.release.xcconfig */;
			buildSettings = {
				ALWAYS_EMBED_SWIFT_STANDARD_LIBRARIES = YES;
				CODE_SIGN_STYLE = Automatic;
				INFOPLIST_FILE = SelfiegramUITests/Info.plist;
				LD_RUNPATH_SEARCH_PATHS = "$(inherited) @executable_path/Frameworks @loader_path/Frameworks";
				PRODUCT_BUNDLE_IDENTIFIER = com.lochhead.test.SelfiegramUITests;
				PRODUCT_NAME = "$(TARGET_NAME)";
				SWIFT_VERSION = 4.0;
				TARGETED_DEVICE_FAMILY = "1,2";
				TEST_TARGET_NAME = Selfiegram;
			};
			name = Release;
		};
/* End XCBuildConfiguration section */

/* Begin XCConfigurationList section */
		2613E7721FABE27E00667F6C /* Build configuration list for PBXProject "Selfiegram" */ = {
			isa = XCConfigurationList;
			buildConfigurations = (
				2613E79D1FABE27E00667F6C /* Debug */,
				2613E79E1FABE27E00667F6C /* Release */,
			);
			defaultConfigurationIsVisible = 0;
			defaultConfigurationName = Release;
		};
		2613E79F1FABE27E00667F6C /* Build configuration list for PBXNativeTarget "Selfiegram" */ = {
			isa = XCConfigurationList;
			buildConfigurations = (
				2613E7A01FABE27E00667F6C /* Debug */,
				2613E7A11FABE27E00667F6C /* Release */,
			);
			defaultConfigurationIsVisible = 0;
			defaultConfigurationName = Release;
		};
		2613E7A21FABE27E00667F6C /* Build configuration list for PBXNativeTarget "SelfiegramTests" */ = {
			isa = XCConfigurationList;
			buildConfigurations = (
				2613E7A31FABE27E00667F6C /* Debug */,
				2613E7A41FABE27E00667F6C /* Release */,
			);
			defaultConfigurationIsVisible = 0;
			defaultConfigurationName = Release;
		};
		2613E7A51FABE27E00667F6C /* Build configuration list for PBXNativeTarget "SelfiegramUITests" */ = {
			isa = XCConfigurationList;
			buildConfigurations = (
				2613E7A61FABE27E00667F6C /* Debug */,
				2613E7A71FABE27E00667F6C /* Release */,
			);
			defaultConfigurationIsVisible = 0;
			defaultConfigurationName = Release;
		};
/* End XCConfigurationList section */
	};
	rootObject = 2613E76F1FABE27E00667F6C /* Project object */;
}
